
Microsoft Visual Studio Solution File, Format Version 12.00
# Visual Studio Version 17
VisualStudioVersion = 17.11.35303.130
MinimumVisualStudioVersion = 10.0.40219.1
Project("{FAE04EC0-301F-11D3-BF4B-00C04F79EFBC}") = "nea", "nea\nea.csproj", "{ABD98745-3939-4994-81AD-A079475629C9}"
EndProject
Global
	GlobalSection(SolutionConfigurationPlatforms) = preSolution
		Debug|Any CPU = Debug|Any CPU
		Release|Any CPU = Release|Any CPU
	EndGlobalSection
	GlobalSection(ProjectConfigurationPlatforms) = postSolution
		{ABD98745-3939-4994-81AD-A079475629C9}.Debug|Any CPU.ActiveCfg = Debug|Any CPU
		{ABD98745-3939-4994-81AD-A079475629C9}.Debug|Any CPU.Build.0 = Debug|Any CPU
		{ABD98745-3939-4994-81AD-A079475629C9}.Release|Any CPU.ActiveCfg = Release|Any CPU
		{ABD98745-3939-4994-81AD-A079475629C9}.Release|Any CPU.Build.0 = Release|Any CPU
	EndGlobalSection
	GlobalSection(SolutionProperties) = preSolution
		HideSolutionNode = FALSE
	EndGlobalSection
	GlobalSection(ExtensibilityGlobals) = postSolution
		SolutionGuid = {5B1075FB-F8AA-4916-9490-D702E9358376}
	EndGlobalSection
EndGlobal
